<?xml version="1.0" encoding="utf-8"?>
<Project ToolsVersion="4.0" xmlns="http://schemas.microsoft.com/developer/msbuild/2003">
  <ItemGroup>
    <ClCompile Include="src\Main.cpp" />
    <ClCompile Include="src\Department.cpp" />
    <ClCompile Include="src\DepartmentList.cpp" />
    <ClCompile Include="src\Employee.cpp" />
    <ClCompile Include="src\EmployeeList.cpp" />
    <ClCompile Include="src\Project.cpp" />
    <ClCompile Include="src\ProjectList.cpp" />
  </ItemGroup>
  <ItemGroup>
    <ClInclude Include="src\DepartmentList.h" />
    <ClInclude Include="src\Department.h" />
    <ClInclude Include="src\Employee.h" />
    <ClInclude Include="src\EmployeeList.h" />
    <ClInclude Include="src\Project.h" />
    <ClInclude Include="src\ProjectList.h" />
  </ItemGroup>
</Project>